
Microsoft Visual Studio Solution File, Format Version 12.00
# Visual Studio Version 17
VisualStudioVersion = 17.7.34031.279
MinimumVisualStudioVersion = 10.0.40219.1
Project("{8BC9CEB8-8B4A-11D0-8D11-00A0C91BC942}") = "w11_7_linkedQueue", "w11_7_linkedQueue\w11_7_linkedQueue.vcxproj", "{86CB64DB-7820-4E88-9FB1-93DAD97C2A28}"
EndProject
Global
	GlobalSection(SolutionConfigurationPlatforms) = preSolution
		Debug|x64 = Debug|x64
		Debug|x86 = Debug|x86
		Release|x64 = Release|x64
		Release|x86 = Release|x86
	EndGlobalSection
	GlobalSection(ProjectConfigurationPlatforms) = postSolution
		{86CB64DB-7820-4E88-9FB1-93DAD97C2A28}.Debug|x64.ActiveCfg = Debug|x64
		{86CB64DB-7820-4E88-9FB1-93DAD97C2A28}.Debug|x64.Build.0 = Debug|x64
		{86CB64DB-7820-4E88-9FB1-93DAD97C2A28}.Debug|x86.ActiveCfg = Debug|Win32
		{86CB64DB-7820-4E88-9FB1-93DAD97C2A28}.Debug|x86.Build.0 = Debug|Win32
		{86CB64DB-7820-4E88-9FB1-93DAD97C2A28}.Release|x64.ActiveCfg = Release|x64
		{86CB64DB-7820-4E88-9FB1-93DAD97C2A28}.Release|x64.Build.0 = Release|x64
		{86CB64DB-7820-4E88-9FB1-93DAD97C2A28}.Release|x86.ActiveCfg = Release|Win32
		{86CB64DB-7820-4E88-9FB1-93DAD97C2A28}.Release|x86.Build.0 = Release|Win32
	EndGlobalSection
	GlobalSection(SolutionProperties) = preSolution
		HideSolutionNode = FALSE
	EndGlobalSection
	GlobalSection(ExtensibilityGlobals) = postSolution
		SolutionGuid = {283CEFDE-269F-425E-974E-EC4B5E128E70}
	EndGlobalSection
EndGlobal
