
Microsoft Visual Studio Solution File, Format Version 12.00
# Visual Studio Version 17
VisualStudioVersion = 17.3.32929.385
MinimumVisualStudioVersion = 10.0.40219.1
Project("{8BC9CEB8-8B4A-11D0-8D11-00A0C91BC942}") = "week4_malloc_example", "week4_malloc_example\week4_malloc_example.vcxproj", "{BB4A0188-B62F-4599-B7CF-FA937550F463}"
EndProject
Global
	GlobalSection(SolutionConfigurationPlatforms) = preSolution
		Debug|x64 = Debug|x64
		Debug|x86 = Debug|x86
		Release|x64 = Release|x64
		Release|x86 = Release|x86
	EndGlobalSection
	GlobalSection(ProjectConfigurationPlatforms) = postSolution
		{BB4A0188-B62F-4599-B7CF-FA937550F463}.Debug|x64.ActiveCfg = Debug|x64
		{BB4A0188-B62F-4599-B7CF-FA937550F463}.Debug|x64.Build.0 = Debug|x64
		{BB4A0188-B62F-4599-B7CF-FA937550F463}.Debug|x86.ActiveCfg = Debug|Win32
		{BB4A0188-B62F-4599-B7CF-FA937550F463}.Debug|x86.Build.0 = Debug|Win32
		{BB4A0188-B62F-4599-B7CF-FA937550F463}.Release|x64.ActiveCfg = Release|x64
		{BB4A0188-B62F-4599-B7CF-FA937550F463}.Release|x64.Build.0 = Release|x64
		{BB4A0188-B62F-4599-B7CF-FA937550F463}.Release|x86.ActiveCfg = Release|Win32
		{BB4A0188-B62F-4599-B7CF-FA937550F463}.Release|x86.Build.0 = Release|Win32
	EndGlobalSection
	GlobalSection(SolutionProperties) = preSolution
		HideSolutionNode = FALSE
	EndGlobalSection
	GlobalSection(ExtensibilityGlobals) = postSolution
		SolutionGuid = {3ACA9486-BCC4-4DDB-8569-1C4B29F084C3}
	EndGlobalSection
EndGlobal
